
Microsoft Visual Studio Solution File, Format Version 12.00
# Visual Studio Version 17
VisualStudioVersion = 17.6.33723.286
MinimumVisualStudioVersion = 10.0.40219.1
Project("{FAE04EC0-301F-11D3-BF4B-00C04F79EFBC}") = "ASPMovieCurd", "ASPMovieCurd\ASPMovieCurd.csproj", "{FF099215-58A9-4DA6-B52E-BADA82125A5F}"
EndProject
Global
	GlobalSection(SolutionConfigurationPlatforms) = preSolution
		Debug|Any CPU = Debug|Any CPU
		Release|Any CPU = Release|Any CPU
	EndGlobalSection
	GlobalSection(ProjectConfigurationPlatforms) = postSolution
		{FF099215-58A9-4DA6-B52E-BADA82125A5F}.Debug|Any CPU.ActiveCfg = Debug|Any CPU
		{FF099215-58A9-4DA6-B52E-BADA82125A5F}.Debug|Any CPU.Build.0 = Debug|Any CPU
		{FF099215-58A9-4DA6-B52E-BADA82125A5F}.Release|Any CPU.ActiveCfg = Release|Any CPU
		{FF099215-58A9-4DA6-B52E-BADA82125A5F}.Release|Any CPU.Build.0 = Release|Any CPU
	EndGlobalSection
	GlobalSection(SolutionProperties) = preSolution
		HideSolutionNode = FALSE
	EndGlobalSection
	GlobalSection(ExtensibilityGlobals) = postSolution
		SolutionGuid = {B9AF9E1B-64DA-432C-9501-E045BFB65517}
	EndGlobalSection
EndGlobal
